
Microsoft Visual Studio Solution File, Format Version 12.00
# Visual Studio Version 16
VisualStudioVersion = 16.0.30204.135
MinimumVisualStudioVersion = 10.0.40219.1
Project("{FAE04EC0-301F-11D3-BF4B-00C04F79EFBC}") = "FactoryPattern", "FactoryPattern\FactoryPattern.csproj", "{D328253B-B405-4E88-95E3-37D1034A7541}"
EndProject
Global
	GlobalSection(SolutionConfigurationPlatforms) = preSolution
		Debug|Any CPU = Debug|Any CPU
		Release|Any CPU = Release|Any CPU
	EndGlobalSection
	GlobalSection(ProjectConfigurationPlatforms) = postSolution
		{D328253B-B405-4E88-95E3-37D1034A7541}.Debug|Any CPU.ActiveCfg = Debug|Any CPU
		{D328253B-B405-4E88-95E3-37D1034A7541}.Debug|Any CPU.Build.0 = Debug|Any CPU
		{D328253B-B405-4E88-95E3-37D1034A7541}.Release|Any CPU.ActiveCfg = Release|Any CPU
		{D328253B-B405-4E88-95E3-37D1034A7541}.Release|Any CPU.Build.0 = Release|Any CPU
	EndGlobalSection
	GlobalSection(SolutionProperties) = preSolution
		HideSolutionNode = FALSE
	EndGlobalSection
	GlobalSection(ExtensibilityGlobals) = postSolution
		SolutionGuid = {C6265668-C45B-469C-9422-A47186A2C4BE}
	EndGlobalSection
EndGlobal
